
Microsoft Visual Studio Solution File, Format Version 12.00
# Visual Studio Version 17
VisualStudioVersion = 17.9.34622.214
MinimumVisualStudioVersion = 10.0.40219.1
Project("{9A19103F-16F7-4668-BE54-9A1E7A4F7556}") = "Lif", "src\Lif.csproj", "{094DC628-B6E5-4A5F-A93A-A49FAE426EE4}"
EndProject
Global
	GlobalSection(SolutionConfigurationPlatforms) = preSolution
		Debug|Any CPU = Debug|Any CPU
		Release|Any CPU = Release|Any CPU
	EndGlobalSection
	GlobalSection(ProjectConfigurationPlatforms) = postSolution
		{094DC628-B6E5-4A5F-A93A-A49FAE426EE4}.Debug|Any CPU.ActiveCfg = Debug|Any CPU
		{094DC628-B6E5-4A5F-A93A-A49FAE426EE4}.Debug|Any CPU.Build.0 = Debug|Any CPU
		{094DC628-B6E5-4A5F-A93A-A49FAE426EE4}.Release|Any CPU.ActiveCfg = Release|Any CPU
		{094DC628-B6E5-4A5F-A93A-A49FAE426EE4}.Release|Any CPU.Build.0 = Release|Any CPU
	EndGlobalSection
	GlobalSection(SolutionProperties) = preSolution
		HideSolutionNode = FALSE
	EndGlobalSection
	GlobalSection(ExtensibilityGlobals) = postSolution
		SolutionGuid = {F2A24E43-5369-43BD-B852-7599C82BE888}
	EndGlobalSection
EndGlobal
